
Microsoft Visual Studio Solution File, Format Version 12.00
# Visual Studio Version 17
VisualStudioVersion = 17.0.32014.148
MinimumVisualStudioVersion = 10.0.40219.1
Project("{FAE04EC0-301F-11D3-BF4B-00C04F79EFBC}") = "Testing2", "Testing2\Testing2.csproj", "{6F1730C4-0C91-43C8-B1DD-7E3F4F7DADA0}"
EndProject
Global
	GlobalSection(SolutionConfigurationPlatforms) = preSolution
		Debug|Any CPU = Debug|Any CPU
		Release|Any CPU = Release|Any CPU
	EndGlobalSection
	GlobalSection(ProjectConfigurationPlatforms) = postSolution
		{6F1730C4-0C91-43C8-B1DD-7E3F4F7DADA0}.Debug|Any CPU.ActiveCfg = Debug|Any CPU
		{6F1730C4-0C91-43C8-B1DD-7E3F4F7DADA0}.Debug|Any CPU.Build.0 = Debug|Any CPU
		{6F1730C4-0C91-43C8-B1DD-7E3F4F7DADA0}.Release|Any CPU.ActiveCfg = Release|Any CPU
		{6F1730C4-0C91-43C8-B1DD-7E3F4F7DADA0}.Release|Any CPU.Build.0 = Release|Any CPU
	EndGlobalSection
	GlobalSection(SolutionProperties) = preSolution
		HideSolutionNode = FALSE
	EndGlobalSection
	GlobalSection(ExtensibilityGlobals) = postSolution
		SolutionGuid = {75CEC403-6A46-4B92-84FC-C8D2D8F74102}
	EndGlobalSection
EndGlobal
