
Microsoft Visual Studio Solution File, Format Version 12.00
# Visual Studio Version 17
VisualStudioVersion = 17.0.32014.148
MinimumVisualStudioVersion = 10.0.40219.1
Project("{FAE04EC0-301F-11D3-BF4B-00C04F79EFBC}") = "WpfApp1", "WpfApp1\WpfApp1.csproj", "{3B312547-72A1-472C-8F14-58E7CBC4DB4D}"
EndProject
Global
	GlobalSection(SolutionConfigurationPlatforms) = preSolution
		Debug|Any CPU = Debug|Any CPU
		Release|Any CPU = Release|Any CPU
	EndGlobalSection
	GlobalSection(ProjectConfigurationPlatforms) = postSolution
		{3B312547-72A1-472C-8F14-58E7CBC4DB4D}.Debug|Any CPU.ActiveCfg = Debug|Any CPU
		{3B312547-72A1-472C-8F14-58E7CBC4DB4D}.Debug|Any CPU.Build.0 = Debug|Any CPU
		{3B312547-72A1-472C-8F14-58E7CBC4DB4D}.Release|Any CPU.ActiveCfg = Release|Any CPU
		{3B312547-72A1-472C-8F14-58E7CBC4DB4D}.Release|Any CPU.Build.0 = Release|Any CPU
	EndGlobalSection
	GlobalSection(SolutionProperties) = preSolution
		HideSolutionNode = FALSE
	EndGlobalSection
	GlobalSection(ExtensibilityGlobals) = postSolution
		SolutionGuid = {9B7707BA-D2DF-4371-8B28-DAB0C846DCC3}
	EndGlobalSection
EndGlobal
