
Microsoft Visual Studio Solution File, Format Version 12.00
# Visual Studio Version 17
VisualStudioVersion = 17.0.32014.148
MinimumVisualStudioVersion = 10.0.40219.1
Project("{FAE04EC0-301F-11D3-BF4B-00C04F79EFBC}") = "TestingA-S", "TestingA-S\TestingA-S.csproj", "{961BAB9D-3571-4C2E-9974-98085D10EF47}"
EndProject
Global
	GlobalSection(SolutionConfigurationPlatforms) = preSolution
		Debug|Any CPU = Debug|Any CPU
		Release|Any CPU = Release|Any CPU
	EndGlobalSection
	GlobalSection(ProjectConfigurationPlatforms) = postSolution
		{961BAB9D-3571-4C2E-9974-98085D10EF47}.Debug|Any CPU.ActiveCfg = Debug|Any CPU
		{961BAB9D-3571-4C2E-9974-98085D10EF47}.Debug|Any CPU.Build.0 = Debug|Any CPU
		{961BAB9D-3571-4C2E-9974-98085D10EF47}.Release|Any CPU.ActiveCfg = Release|Any CPU
		{961BAB9D-3571-4C2E-9974-98085D10EF47}.Release|Any CPU.Build.0 = Release|Any CPU
	EndGlobalSection
	GlobalSection(SolutionProperties) = preSolution
		HideSolutionNode = FALSE
	EndGlobalSection
	GlobalSection(ExtensibilityGlobals) = postSolution
		SolutionGuid = {95F5B326-1859-465C-B2D6-093CEEFB8434}
	EndGlobalSection
EndGlobal
